
Microsoft Visual Studio Solution File, Format Version 12.00
# Visual Studio Version 16
VisualStudioVersion = 16.0.31424.327
MinimumVisualStudioVersion = 10.0.40219.1
Project("{FAE04EC0-301F-11D3-BF4B-00C04F79EFBC}") = "DawWorkflowBase", "DawWorkflowBase\DawWorkflowBase.csproj", "{8DE85581-9D93-43E0-8466-E26EB618D00F}"
EndProject
Project("{FAE04EC0-301F-11D3-BF4B-00C04F79EFBC}") = "DawWorkflowDemo", "DawWorkflowDemo\DawWorkflowDemo.csproj", "{99989110-79EE-4E6B-8217-93930E378FA0}"
EndProject
Project("{FAE04EC0-301F-11D3-BF4B-00C04F79EFBC}") = "DragDropTest", "DragDropTest\DragDropTest.csproj", "{DF9B4E44-0023-4757-8317-E1C5DDAA61E1}"
EndProject
Global
	GlobalSection(SolutionConfigurationPlatforms) = preSolution
		Debug|Any CPU = Debug|Any CPU
		Release|Any CPU = Release|Any CPU
	EndGlobalSection
	GlobalSection(ProjectConfigurationPlatforms) = postSolution
		{8DE85581-9D93-43E0-8466-E26EB618D00F}.Debug|Any CPU.ActiveCfg = Debug|Any CPU
		{8DE85581-9D93-43E0-8466-E26EB618D00F}.Debug|Any CPU.Build.0 = Debug|Any CPU
		{8DE85581-9D93-43E0-8466-E26EB618D00F}.Release|Any CPU.ActiveCfg = Release|Any CPU
		{8DE85581-9D93-43E0-8466-E26EB618D00F}.Release|Any CPU.Build.0 = Release|Any CPU
		{99989110-79EE-4E6B-8217-93930E378FA0}.Debug|Any CPU.ActiveCfg = Debug|Any CPU
		{99989110-79EE-4E6B-8217-93930E378FA0}.Debug|Any CPU.Build.0 = Debug|Any CPU
		{99989110-79EE-4E6B-8217-93930E378FA0}.Release|Any CPU.ActiveCfg = Release|Any CPU
		{99989110-79EE-4E6B-8217-93930E378FA0}.Release|Any CPU.Build.0 = Release|Any CPU
		{DF9B4E44-0023-4757-8317-E1C5DDAA61E1}.Debug|Any CPU.ActiveCfg = Debug|Any CPU
		{DF9B4E44-0023-4757-8317-E1C5DDAA61E1}.Debug|Any CPU.Build.0 = Debug|Any CPU
		{DF9B4E44-0023-4757-8317-E1C5DDAA61E1}.Release|Any CPU.ActiveCfg = Release|Any CPU
		{DF9B4E44-0023-4757-8317-E1C5DDAA61E1}.Release|Any CPU.Build.0 = Release|Any CPU
	EndGlobalSection
	GlobalSection(SolutionProperties) = preSolution
		HideSolutionNode = FALSE
	EndGlobalSection
	GlobalSection(ExtensibilityGlobals) = postSolution
		SolutionGuid = {B4DB7C12-FC06-4855-A5DE-681A53512E24}
	EndGlobalSection
EndGlobal
